# etc/alpine.lock — pinned Alpine RPi build inputs.
# Generated by: ./scripts/alpine-rpi.sh refresh-lock
# Regenerate to pull in newer Alpine releases or firmware.

ALPINE_BRANCH=v3.23
ALPINE_TARBALL_NAME=alpine-rpi-3.23.0-aarch64.tar.gz
ALPINE_TARBALL_SHA256=fbbbb77f7269f4ca4beff01a2c8116f6668f92f6a8cd607c6ef0a9a89715a7a3

# raspberrypi/firmware is fetched via raw.githubusercontent.com, which is
# byte-deterministic per commit sha — the commit itself is the integrity
# guarantee, so no separate sha256 is recorded for the DTB.
RPI_FW_COMMIT=8fce67a9ec5668fb8d42d215c9ec4c199340bf41
